# THIS IS AN AUTOGENERATED FILE. DO NOT EDIT THIS FILE DIRECTLY.
# yarn lockfile v1


"@esbuild/android-arm64@0.16.9":
  version "0.16.9"
  resolved "https://registry.yarnpkg.com/@esbuild/android-arm64/-/android-arm64-0.16.9.tgz#474da719599f99d820ec010c92846a4f685fa28a"
  integrity sha512-ndIAZJUeLx4O+4AJbFQCurQW4VRUXjDsUvt1L+nP8bVELOWdmdCEOtlIweCUE6P+hU0uxYbEK2AEP0n5IVQvhg==

"@esbuild/android-arm@0.16.9":
  version "0.16.9"
  resolved "https://registry.yarnpkg.com/@esbuild/android-arm/-/android-arm-0.16.9.tgz#b0747ec074bba3ca652bfa8de3f55acfbb2d259e"
  integrity sha512-kW5ccqWHVOOTGUkkJbtfoImtqu3kA1PFkivM+9QPFSHphPfPBlBalX9eDRqPK+wHCqKhU48/78T791qPgC9e9A==

"@esbuild/android-x64@0.16.9":
  version "0.16.9"
  resolved "https://registry.yarnpkg.com/@esbuild/android-x64/-/android-x64-0.16.9.tgz#1cd75e8ed7d6d7eb5f9896f623df63882bd8e887"
  integrity sha512-UbMcJB4EHrAVOnknQklREPgclNU2CPet2h+sCBCXmF2mfoYWopBn/CfTfeyOkb/JglOcdEADqAljFndMKnFtOw==

"@esbuild/darwin-arm64@0.16.9":
  version "0.16.9"
  resolved "https://registry.yarnpkg.com/@esbuild/darwin-arm64/-/darwin-arm64-0.16.9.tgz#820c88738cd97621737abcd5f05400ae5e0c66e6"
  integrity sha512-d7D7/nrt4CxPul98lx4PXhyNZwTYtbdaHhOSdXlZuu5zZIznjqtMqLac8Bv+IuT6SVHiHUwrkL6ywD7mOgLW+A==

"@esbuild/darwin-x64@0.16.9":
  version "0.16.9"
  resolved "https://registry.yarnpkg.com/@esbuild/darwin-x64/-/darwin-x64-0.16.9.tgz#5a19c00781595e0dfeef1826b3512d04c37b98ff"
  integrity sha512-LZc+Wlz06AkJYtwWsBM3x2rSqTG8lntDuftsUNQ3fCx9ZttYtvlDcVtgb+NQ6t9s6K5No5zutN3pcjZEC2a4iQ==

"@esbuild/freebsd-arm64@0.16.9":
  version "0.16.9"
  resolved "https://registry.yarnpkg.com/@esbuild/freebsd-arm64/-/freebsd-arm64-0.16.9.tgz#2b7c16f5d15c259ed279b293b97c28c4a4bb107f"
  integrity sha512-gIj0UQZlQo93CHYouHKkpzP7AuruSaMIm1etcWIxccFEVqCN1xDr6BWlN9bM+ol/f0W9w3hx3HDuEwcJVtGneQ==

"@esbuild/freebsd-x64@0.16.9":
  version "0.16.9"
  resolved "https://registry.yarnpkg.com/@esbuild/freebsd-x64/-/freebsd-x64-0.16.9.tgz#2db48ffeeab149c2b970494a60b82bf3004b8630"
  integrity sha512-GNors4vaMJ7lzGOuhzNc7jvgsQZqErGA8rsW+nck8N1nYu86CvsJW2seigVrQQWOV4QzEP8Zf3gm+QCjA2hnBQ==

"@esbuild/linux-arm64@0.16.9":
  version "0.16.9"
  resolved "https://registry.yarnpkg.com/@esbuild/linux-arm64/-/linux-arm64-0.16.9.tgz#4c63c9f8ddd690d140ac3e0f360226d3fcdd75d8"
  integrity sha512-YPxQunReYp8RQ1FvexFrOEqqf+nLbS3bKVZF5FRT2uKM7Wio7BeATqAwO02AyrdSEntt3I5fhFsujUChIa8CZg==

"@esbuild/linux-arm@0.16.9":
  version "0.16.9"
  resolved "https://registry.yarnpkg.com/@esbuild/linux-arm/-/linux-arm-0.16.9.tgz#7704de1c2a30bc68d8f615d3ecb1cf68f001256a"
  integrity sha512-cNx1EF99c2t1Ztn0lk9N+MuwBijGF8mH6nx9GFsB3e0lpUpPkCE/yt5d+7NP9EwJf5uzqdjutgVYoH1SNqzudA==

"@esbuild/linux-ia32@0.16.9":
  version "0.16.9"
  resolved "https://registry.yarnpkg.com/@esbuild/linux-ia32/-/linux-ia32-0.16.9.tgz#bf0fda9f046e6c8332d7c8350b8a94d63acb4ceb"
  integrity sha512-zb12ixDIKNwFpIqR00J88FFitVwOEwO78EiUi8wi8FXlmSc3GtUuKV/BSO+730Kglt0B47+ZrJN1BhhOxZaVrw==

"@esbuild/linux-loong64@0.16.9":
  version "0.16.9"
  resolved "https://registry.yarnpkg.com/@esbuild/linux-loong64/-/linux-loong64-0.16.9.tgz#c16378b898fa38f5f788f76fbce16a45c49c8793"
  integrity sha512-X8te4NLxtHiNT6H+4Pfm5RklzItA1Qy4nfyttihGGX+Koc53Ar20ViC+myY70QJ8PDEOehinXZj/F7QK3A+MKQ==

"@esbuild/linux-mips64el@0.16.9":
  version "0.16.9"
  resolved "https://registry.yarnpkg.com/@esbuild/linux-mips64el/-/linux-mips64el-0.16.9.tgz#492605f13f19dc06c350d94e4048c21478b9dec4"
  integrity sha512-ZqyMDLt02c5smoS3enlF54ndK5zK4IpClLTxF0hHfzHJlfm4y8IAkIF8LUW0W7zxcKy7oAwI7BRDqeVvC120SA==

"@esbuild/linux-ppc64@0.16.9":
  version "0.16.9"
  resolved "https://registry.yarnpkg.com/@esbuild/linux-ppc64/-/linux-ppc64-0.16.9.tgz#ccaf759fc4f7a5fe72bdac05b4f5bf18ef1fe01b"
  integrity sha512-k+ca5W5LDBEF3lfDwMV6YNXwm4wEpw9krMnNvvlNz3MrKSD2Eb2c861O0MaKrZkG/buTQAP4vkavbLwgIe6xjg==

"@esbuild/linux-riscv64@0.16.9":
  version "0.16.9"
  resolved "https://registry.yarnpkg.com/@esbuild/linux-riscv64/-/linux-riscv64-0.16.9.tgz#542d0e68bc99fb658fe732b0917931c09775f1a3"
  integrity sha512-GuInVdogjmg9DhgkEmNipHkC+3tzkanPJzgzTC2ihsvrruLyFoR1YrTGixblNSMPudQLpiqkcwGwwe0oqfrvfA==

"@esbuild/linux-s390x@0.16.9":
  version "0.16.9"
  resolved "https://registry.yarnpkg.com/@esbuild/linux-s390x/-/linux-s390x-0.16.9.tgz#4398f9d9d64dba4cfa6eed267476eaa9c9b7f214"
  integrity sha512-49wQ0aYkvwXonGsxc7LuuLNICMX8XtO92Iqmug5Qau0kpnV6SP34jk+jIeu4suHwAbSbRhVFtDv75yRmyfQcHw==

"@esbuild/linux-x64@0.16.9":
  version "0.16.9"
  resolved "https://registry.yarnpkg.com/@esbuild/linux-x64/-/linux-x64-0.16.9.tgz#67c6b418ef36addbca17af0d7a2274c37ddffba2"
  integrity sha512-Nx4oKEAJ6EcQlt4dK7qJyuZUoXZG7CAeY22R7rqZijFzwFfMOD+gLP56uV7RrV86jGf8PeRY8TBsRmOcZoG42w==

"@esbuild/netbsd-x64@0.16.9":
  version "0.16.9"
  resolved "https://registry.yarnpkg.com/@esbuild/netbsd-x64/-/netbsd-x64-0.16.9.tgz#22ed58e404ebeb2475b821bc4e25f1027eb0c912"
  integrity sha512-d0WnpgJ+FTiMZXEQ1NOv9+0gvEhttbgKEvVqWWAtl1u9AvlspKXbodKHzQ5MLP6YV1y52Xp+p8FMYqj8ykTahg==

"@esbuild/openbsd-x64@0.16.9":
  version "0.16.9"
  resolved "https://registry.yarnpkg.com/@esbuild/openbsd-x64/-/openbsd-x64-0.16.9.tgz#2b2597b4edd4d26946f7c56838680fbeb4d455eb"
  integrity sha512-jccK11278dvEscHFfMk5EIPjF4wv1qGD0vps7mBV1a6TspdR36O28fgPem/SA/0pcsCPHjww5ouCLwP+JNAFlw==

"@esbuild/sunos-x64@0.16.9":
  version "0.16.9"
  resolved "https://registry.yarnpkg.com/@esbuild/sunos-x64/-/sunos-x64-0.16.9.tgz#c132603a19ef79c0d7bd95afb09f41618ea8dda2"
  integrity sha512-OetwTSsv6mIDLqN7I7I2oX9MmHGwG+AP+wKIHvq+6sIHwcPPJqRx+DJB55jy9JG13CWcdcQno/7V5MTJ5a0xfQ==

"@esbuild/win32-arm64@0.16.9":
  version "0.16.9"
  resolved "https://registry.yarnpkg.com/@esbuild/win32-arm64/-/win32-arm64-0.16.9.tgz#bf74d007d7f0fe1fe32c4fff82d27b271b3e1d58"
  integrity sha512-tKSSSK6unhxbGbHg+Cc+JhRzemkcsX0tPBvG0m5qsWbkShDK9c+/LSb13L18LWVdOQZwuA55Vbakxmt6OjBDOQ==

"@esbuild/win32-ia32@0.16.9":
  version "0.16.9"
  resolved "https://registry.yarnpkg.com/@esbuild/win32-ia32/-/win32-ia32-0.16.9.tgz#e46478e77431bca1a8b80f6260fc6b0020aa8127"
  integrity sha512-ZTQ5vhNS5gli0KK8I6/s6+LwXmNEfq1ftjnSVyyNm33dBw8zDpstqhGXYUbZSWWLvkqiRRjgxgmoncmi6Yy7Ng==

"@esbuild/win32-x64@0.16.9":
  version "0.16.9"
  resolved "https://registry.yarnpkg.com/@esbuild/win32-x64/-/win32-x64-0.16.9.tgz#4595a29c2930c5157aa1be0963abbbac989647c9"
  integrity sha512-C4ZX+YFIp6+lPrru3tpH6Gaapy8IBRHw/e7l63fzGDhn/EaiGpQgbIlT5paByyy+oMvRFQoxxyvC4LE0AjJMqQ==

"@popperjs/core@^2.11.6":
  version "2.11.6"
  resolved "https://registry.yarnpkg.com/@popperjs/core/-/core-2.11.6.tgz#cee20bd55e68a1720bdab363ecf0c821ded4cd45"
  integrity sha512-50/17A98tWUfQ176raKiOGXuYpLyyVMkxxG6oylzL3BPOlA6ADGdK7EYunSa4I064xerltq9TGXs8HmOk5E+vw==

anymatch@~3.1.2:
  version "3.1.2"
  resolved "https://registry.yarnpkg.com/anymatch/-/anymatch-3.1.2.tgz#c0557c096af32f106198f4f4e2a383537e378716"
  integrity sha512-P43ePfOAIupkguHUycrc4qJ9kz8ZiuOUijaETwX7THt0Y/GNK7v0aa8rY816xWjZ7rJdA5XdMcpVFTKMq+RvWg==
  dependencies:
    normalize-path "^3.0.0"
    picomatch "^2.0.4"

asynckit@^0.4.0:
  version "0.4.0"
  resolved "https://registry.yarnpkg.com/asynckit/-/asynckit-0.4.0.tgz#c79ed97f7f34cb8f2ba1bc9790bcc366474b4b79"
  integrity sha512-Oei9OH4tRh0YqU3GxhX79dM/mwVgvbZJaSNaRk+bshkj0S5cfHcgYakreBjrHwatXKbz+IoIdYLxrKim2MjW0Q==

axios@^1.2:
  version "1.2.1"
  resolved "https://registry.yarnpkg.com/axios/-/axios-1.2.1.tgz#44cf04a3c9f0c2252ebd85975361c026cb9f864a"
  integrity sha512-I88cFiGu9ryt/tfVEi4kX2SITsvDddTajXTOFmt2uK1ZVA8LytjtdeyefdQWEf5PU8w+4SSJDoYnggflB5tW4A==
  dependencies:
    follow-redirects "^1.15.0"
    form-data "^4.0.0"
    proxy-from-env "^1.1.0"

binary-extensions@^2.0.0:
  version "2.2.0"
  resolved "https://registry.yarnpkg.com/binary-extensions/-/binary-extensions-2.2.0.tgz#75f502eeaf9ffde42fc98829645be4ea76bd9e2d"
  integrity sha512-jDctJ/IVQbZoJykoeHbhXpOlNBqGNcwXJKJog42E5HDPUwQTSdjCHdihjj0DlnheQ7blbT6dHOafNAiS8ooQKA==

bootstrap@^5.2.3:
  version "5.2.3"
  resolved "https://registry.yarnpkg.com/bootstrap/-/bootstrap-5.2.3.tgz#54739f4414de121b9785c5da3c87b37ff008322b"
  integrity sha512-cEKPM+fwb3cT8NzQZYEu4HilJ3anCrWqh3CHAok1p9jXqMPsPTBhU25fBckEJHJ/p+tTxTFTsFQGM+gaHpi3QQ==

braces@~3.0.2:
  version "3.0.2"
  resolved "https://registry.yarnpkg.com/braces/-/braces-3.0.2.tgz#3454e1a462ee8d599e236df336cd9ea4f8afe107"
  integrity sha512-b8um+L1RzM3WDSzvhm6gIz1yfTbBt6YTlcEKAvsmqCZZFw46z626lVj9j1yEPW33H5H+lBQpZMP1k8l+78Ha0A==
  dependencies:
    fill-range "^7.0.1"

"chokidar@>=3.0.0 <4.0.0":
  version "3.5.3"
  resolved "https://registry.yarnpkg.com/chokidar/-/chokidar-3.5.3.tgz#1cf37c8707b932bd1af1ae22c0432e2acd1903bd"
  integrity sha512-Dr3sfKRP6oTcjf2JmUmFJfeVMvXBdegxB0iVQ5eb2V10uFJUCAS8OByZdVAyVb8xXNz3GjjTgj9kLWsZTqE6kw==
  dependencies:
    anymatch "~3.1.2"
    braces "~3.0.2"
    glob-parent "~5.1.2"
    is-binary-path "~2.1.0"
    is-glob "~4.0.1"
    normalize-path "~3.0.0"
    readdirp "~3.6.0"
  optionalDependencies:
    fsevents "~2.3.2"

combined-stream@^1.0.8:
  version "1.0.8"
  resolved "https://registry.yarnpkg.com/combined-stream/-/combined-stream-1.0.8.tgz#c3d45a8b34fd730631a110a8a2520682b31d5a7f"
  integrity sha512-FQN4MRfuJeHf7cBbBMJFXhKSDq+2kAArBlmRBvcvFE5BB1HZKXtSFASDhdlz9zOYwxh8lDdnvmMOe/+5cdoEdg==
  dependencies:
    delayed-stream "~1.0.0"

delayed-stream@~1.0.0:
  version "1.0.0"
  resolved "https://registry.yarnpkg.com/delayed-stream/-/delayed-stream-1.0.0.tgz#df3ae199acadfb7d440aaae0b29e2272b24ec619"
  integrity sha512-ZySD7Nf91aLB0RxL4KGrKHBXl7Eds1DAmEdcoVawXnLD7SDhpNgtuII2aAkg7a7QS41jxPSZ17p4VdGnMHk3MQ==

esbuild@^0.16.3:
  version "0.16.9"
  resolved "https://registry.yarnpkg.com/esbuild/-/esbuild-0.16.9.tgz#01b6c3a6cbc072108253ac160a0734229bf8c921"
  integrity sha512-gkH83yHyijMSZcZFs1IWew342eMdFuWXmQo3zkDPTre25LIPBJsXryg02M3u8OpTwCJdBkdaQwqKkDLnAsAeLQ==
  optionalDependencies:
    "@esbuild/android-arm" "0.16.9"
    "@esbuild/android-arm64" "0.16.9"
    "@esbuild/android-x64" "0.16.9"
    "@esbuild/darwin-arm64" "0.16.9"
    "@esbuild/darwin-x64" "0.16.9"
    "@esbuild/freebsd-arm64" "0.16.9"
    "@esbuild/freebsd-x64" "0.16.9"
    "@esbuild/linux-arm" "0.16.9"
    "@esbuild/linux-arm64" "0.16.9"
    "@esbuild/linux-ia32" "0.16.9"
    "@esbuild/linux-loong64" "0.16.9"
    "@esbuild/linux-mips64el" "0.16.9"
    "@esbuild/linux-ppc64" "0.16.9"
    "@esbuild/linux-riscv64" "0.16.9"
    "@esbuild/linux-s390x" "0.16.9"
    "@esbuild/linux-x64" "0.16.9"
    "@esbuild/netbsd-x64" "0.16.9"
    "@esbuild/openbsd-x64" "0.16.9"
    "@esbuild/sunos-x64" "0.16.9"
    "@esbuild/win32-arm64" "0.16.9"
    "@esbuild/win32-ia32" "0.16.9"
    "@esbuild/win32-x64" "0.16.9"

fill-range@^7.0.1:
  version "7.0.1"
  resolved "https://registry.yarnpkg.com/fill-range/-/fill-range-7.0.1.tgz#1919a6a7c75fe38b2c7c77e5198535da9acdda40"
  integrity sha512-qOo9F+dMUmC2Lcb4BbVvnKJxTPjCm+RRpe4gDuGrzkL7mEVl/djYSu2OdQ2Pa302N4oqkSg9ir6jaLWJ2USVpQ==
  dependencies:
    to-regex-range "^5.0.1"

follow-redirects@^1.15.0:
  version "1.15.2"
  resolved "https://registry.yarnpkg.com/follow-redirects/-/follow-redirects-1.15.2.tgz#b460864144ba63f2681096f274c4e57026da2c13"
  integrity sha512-VQLG33o04KaQ8uYi2tVNbdrWp1QWxNNea+nmIB4EVM28v0hmP17z7aG1+wAkNzVq4KeXTq3221ye5qTJP91JwA==

font-awesome@^4.7.0:
  version "4.7.0"
  resolved "https://registry.yarnpkg.com/font-awesome/-/font-awesome-4.7.0.tgz#8fa8cf0411a1a31afd07b06d2902bb9fc815a133"
  integrity sha512-U6kGnykA/6bFmg1M/oT9EkFeIYv7JlX3bozwQJWiiLz6L0w3F5vBVPxHlwyX/vtNq1ckcpRKOB9f2Qal/VtFpg==

form-data@^4.0.0:
  version "4.0.0"
  resolved "https://registry.yarnpkg.com/form-data/-/form-data-4.0.0.tgz#93919daeaf361ee529584b9b31664dc12c9fa452"
  integrity sha512-ETEklSGi5t0QMZuiXoA/Q6vcnxcLQP5vdugSpuAyi6SVGi2clPPp+xgEhuMaHC+zGgn31Kd235W35f7Hykkaww==
  dependencies:
    asynckit "^0.4.0"
    combined-stream "^1.0.8"
    mime-types "^2.1.12"

fsevents@~2.3.2:
  version "2.3.2"
  resolved "https://registry.yarnpkg.com/fsevents/-/fsevents-2.3.2.tgz#8a526f78b8fdf4623b709e0b975c52c24c02fd1a"
  integrity sha512-xiqMQR4xAeHTuB9uWm+fFRcIOgKBMiOBP+eXiyT7jsgVCq1bkVygt00oASowB7EdtpOHaaPgKt812P9ab+DDKA==

function-bind@^1.1.1:
  version "1.1.1"
  resolved "https://registry.yarnpkg.com/function-bind/-/function-bind-1.1.1.tgz#a56899d3ea3c9bab874bb9773b7c5ede92f4895d"
  integrity sha512-yIovAzMX49sF8Yl58fSCWJ5svSLuaibPxXQJFLmBObTuCr0Mf1KiPopGM9NiFjiYBCbfaa2Fh6breQ6ANVTI0A==

glob-parent@~5.1.2:
  version "5.1.2"
  resolved "https://registry.yarnpkg.com/glob-parent/-/glob-parent-5.1.2.tgz#869832c58034fe68a4093c17dc15e8340d8401c4"
  integrity sha512-AOIgSQCepiJYwP3ARnGx+5VnTu2HBYdzbGP45eLw1vr3zB3vZLeyed1sC9hnbcOc9/SrMyM5RPQrkGz4aS9Zow==
  dependencies:
    is-glob "^4.0.1"

has@^1.0.3:
  version "1.0.3"
  resolved "https://registry.yarnpkg.com/has/-/has-1.0.3.tgz#722d7cbfc1f6aa8241f16dd814e011e1f41e8796"
  integrity sha512-f2dvO0VU6Oej7RkWJGrehjbzMAjFp5/VKPp5tTpWIV4JHHZK1/BxbFRtf/siA2SWTe09caDmVtYYzWEIbBS4zw==
  dependencies:
    function-bind "^1.1.1"

immutable@^4.0.0:
  version "4.1.0"
  resolved "https://registry.yarnpkg.com/immutable/-/immutable-4.1.0.tgz#f795787f0db780183307b9eb2091fcac1f6fafef"
  integrity sha512-oNkuqVTA8jqG1Q6c+UglTOD1xhC1BtjKI7XkCXRkZHrN5m18/XsnUp8Q89GkQO/z+0WjonSvl0FLhDYftp46nQ==

is-binary-path@~2.1.0:
  version "2.1.0"
  resolved "https://registry.yarnpkg.com/is-binary-path/-/is-binary-path-2.1.0.tgz#ea1f7f3b80f064236e83470f86c09c254fb45b09"
  integrity sha512-ZMERYes6pDydyuGidse7OsHxtbI7WVeUEozgR/g7rd0xUimYNlvZRE/K2MgZTjWy725IfelLeVcEM97mmtRGXw==
  dependencies:
    binary-extensions "^2.0.0"

is-core-module@^2.9.0:
  version "2.10.0"
  resolved "https://registry.yarnpkg.com/is-core-module/-/is-core-module-2.10.0.tgz#9012ede0a91c69587e647514e1d5277019e728ed"
  integrity sha512-Erxj2n/LDAZ7H8WNJXd9tw38GYM3dv8rk8Zcs+jJuxYTW7sozH+SS8NtrSjVL1/vpLvWi1hxy96IzjJ3EHTJJg==
  dependencies:
    has "^1.0.3"

is-extglob@^2.1.1:
  version "2.1.1"
  resolved "https://registry.yarnpkg.com/is-extglob/-/is-extglob-2.1.1.tgz#a88c02535791f02ed37c76a1b9ea9773c833f8c2"
  integrity sha512-SbKbANkN603Vi4jEZv49LeVJMn4yGwsbzZworEoyEiutsN3nJYdbO36zfhGJ6QEDpOZIFkDtnq5JRxmvl3jsoQ==

is-glob@^4.0.1, is-glob@~4.0.1:
  version "4.0.3"
  resolved "https://registry.yarnpkg.com/is-glob/-/is-glob-4.0.3.tgz#64f61e42cbbb2eec2071a9dac0b28ba1e65d5084"
  integrity sha512-xelSayHH36ZgE7ZWhli7pW34hNbNl8Ojv5KVmkJD4hBdD3th8Tfk9vYasLM+mXWOZhFkgZfxhLSnrwRr4elSSg==
  dependencies:
    is-extglob "^2.1.1"

is-number@^7.0.0:
  version "7.0.0"
  resolved "https://registry.yarnpkg.com/is-number/-/is-number-7.0.0.tgz#7535345b896734d5f80c4d06c50955527a14f12b"
  integrity sha512-41Cifkg6e8TylSpdtTpeLVMqvSBEVzTttHvERD741+pnZ8ANv0004MRL43QKPDlK9cGvNp6NZWZUBlbGXYxxng==

jquery-ui@^1.13.2:
  version "1.13.2"
  resolved "https://registry.yarnpkg.com/jquery-ui/-/jquery-ui-1.13.2.tgz#de03580ae6604773602f8d786ad1abfb75232034"
  integrity sha512-wBZPnqWs5GaYJmo1Jj0k/mrSkzdQzKDwhXNtHKcBdAcKVxMM3KNYFq+iJ2i1rwiG53Z8M4mTn3Qxrm17uH1D4Q==
  dependencies:
    jquery ">=1.8.0 <4.0.0"

"jquery@>=1.8.0 <4.0.0", jquery@^3.6.2:
  version "3.6.2"
  resolved "https://registry.yarnpkg.com/jquery/-/jquery-3.6.2.tgz#8302bbc9160646f507bdf59d136a478b312783c4"
  integrity sha512-/e7ulNIEEYk1Z/l4X0vpxGt+B/dNsV8ghOPAWZaJs8pkGvsSC0tm33aMGylXcj/U7y4IcvwtMXPMyBFZn/gK9A==

laravel-vite-plugin@^0.7.2:
  version "0.7.2"
  resolved "https://registry.yarnpkg.com/laravel-vite-plugin/-/laravel-vite-plugin-0.7.2.tgz#b317f8345d9afc2344d51fa8054e4389984d9650"
  integrity sha512-MEAGEEOrDk46PnoUPLAhHxM1ATEdRYKyDtN8DT/PLTDnO/HY6JZpRZpeC+Q0fiYzbzg+6OH0nlhuSRKbBaCLcw==
  dependencies:
    picocolors "^1.0.0"
    vite-plugin-full-reload "^1.0.1"

lodash@^4.17.21:
  version "4.17.21"
  resolved "https://registry.yarnpkg.com/lodash/-/lodash-4.17.21.tgz#679591c564c3bffaae8454cf0b3df370c3d6911c"
  integrity sha512-v2kDEe57lecTulaDIuNTPy3Ry4gLGJ6Z1O3vE1krgXZNrsQ+LFTGHVxVjcXPs17LhbZVGedAJv8XZ1tvj5FvSg==

mime-db@1.52.0:
  version "1.52.0"
  resolved "https://registry.yarnpkg.com/mime-db/-/mime-db-1.52.0.tgz#bbabcdc02859f4987301c856e3387ce5ec43bf70"
  integrity sha512-sPU4uV7dYlvtWJxwwxHD0PuihVNiE7TyAbQ5SWxDCB9mUYvOgroQOwYQQOKPJ8CIbE+1ETVlOoK1UC2nU3gYvg==

mime-types@^2.1.12:
  version "2.1.35"
  resolved "https://registry.yarnpkg.com/mime-types/-/mime-types-2.1.35.tgz#381a871b62a734450660ae3deee44813f70d959a"
  integrity sha512-ZDY+bPm5zTTF+YpCrAU9nK0UgICYPT0QtT1NZWFv4s++TNkcgVaT0g6+4R2uI4MjQjzysHB1zxuWL50hzaeXiw==
  dependencies:
    mime-db "1.52.0"

nanoid@^3.3.4:
  version "3.3.4"
  resolved "https://registry.yarnpkg.com/nanoid/-/nanoid-3.3.4.tgz#730b67e3cd09e2deacf03c027c81c9d9dbc5e8ab"
  integrity sha512-MqBkQh/OHTS2egovRtLk45wEyNXwF+cokD+1YPf9u5VfJiRdAiRwB2froX5Co9Rh20xs4siNPm8naNotSD6RBw==

normalize-path@^3.0.0, normalize-path@~3.0.0:
  version "3.0.0"
  resolved "https://registry.yarnpkg.com/normalize-path/-/normalize-path-3.0.0.tgz#0dcd69ff23a1c9b11fd0978316644a0388216a65"
  integrity sha512-6eZs5Ls3WtCisHWp9S2GUy8dqkpGi4BVSz3GaqiE6ezub0512ESztXUwUB6C6IKbQkY2Pnb/mD4WYojCRwcwLA==

path-parse@^1.0.7:
  version "1.0.7"
  resolved "https://registry.yarnpkg.com/path-parse/-/path-parse-1.0.7.tgz#fbc114b60ca42b30d9daf5858e4bd68bbedb6735"
  integrity sha512-LDJzPVEEEPR+y48z93A0Ed0yXb8pAByGWo/k5YYdYgpY2/2EsOsksJrq7lOHxryrVOn1ejG6oAp8ahvOIQD8sw==

picocolors@^1.0.0:
  version "1.0.0"
  resolved "https://registry.yarnpkg.com/picocolors/-/picocolors-1.0.0.tgz#cb5bdc74ff3f51892236eaf79d68bc44564ab81c"
  integrity sha512-1fygroTLlHu66zi26VoTDv8yRgm0Fccecssto+MhsZ0D/DGW2sm8E8AjW7NU5VVTRt5GxbeZ5qBuJr+HyLYkjQ==

picomatch@^2.0.4, picomatch@^2.2.1, picomatch@^2.3.1:
  version "2.3.1"
  resolved "https://registry.yarnpkg.com/picomatch/-/picomatch-2.3.1.tgz#3ba3833733646d9d3e4995946c1365a67fb07a42"
  integrity sha512-JU3teHTNjmE2VCGFzuY8EXzCDVwEqB2a8fsIvwaStHhAWJEeVd1o1QD80CU6+ZdEXXSLbSsuLwJjkCBWqRQUVA==

postcss@^8.4.20:
  version "8.4.20"
  resolved "https://registry.yarnpkg.com/postcss/-/postcss-8.4.20.tgz#64c52f509644cecad8567e949f4081d98349dc56"
  integrity sha512-6Q04AXR1212bXr5fh03u8aAwbLxAQNGQ/Q1LNa0VfOI06ZAlhPHtQvE4OIdpj4kLThXilalPnmDSOD65DcHt+g==
  dependencies:
    nanoid "^3.3.4"
    picocolors "^1.0.0"
    source-map-js "^1.0.2"

proxy-from-env@^1.1.0:
  version "1.1.0"
  resolved "https://registry.yarnpkg.com/proxy-from-env/-/proxy-from-env-1.1.0.tgz#e102f16ca355424865755d2c9e8ea4f24d58c3e2"
  integrity sha512-D+zkORCbA9f1tdWRK0RaCR3GPv50cMxcrz4X8k5LTSUD1Dkw47mKJEZQNunItRTkWwgtaUSo1RVFRIG9ZXiFYg==

readdirp@~3.6.0:
  version "3.6.0"
  resolved "https://registry.yarnpkg.com/readdirp/-/readdirp-3.6.0.tgz#74a370bd857116e245b29cc97340cd431a02a6c7"
  integrity sha512-hOS089on8RduqdbhvQ5Z37A0ESjsqz6qnRcffsMU3495FuTdqSm+7bhJ29JvIOsBDEEnan5DPu9t3To9VRlMzA==
  dependencies:
    picomatch "^2.2.1"

resolve@^1.22.1:
  version "1.22.1"
  resolved "https://registry.yarnpkg.com/resolve/-/resolve-1.22.1.tgz#27cb2ebb53f91abb49470a928bba7558066ac177"
  integrity sha512-nBpuuYuY5jFsli/JIs1oldw6fOQCBioohqWZg/2hiaOybXOft4lonv85uDOKXdf8rhyK159cxU5cDcK/NKk8zw==
  dependencies:
    is-core-module "^2.9.0"
    path-parse "^1.0.7"
    supports-preserve-symlinks-flag "^1.0.0"

rollup@^3.7.0:
  version "3.7.5"
  resolved "https://registry.yarnpkg.com/rollup/-/rollup-3.7.5.tgz#db580f8eda50237b0721ddea301fb981cd992933"
  integrity sha512-z0ZbqHBtS/et2EEUKMrAl2CoSdwN7ZPzL17UMiKN9RjjqHShTlv7F9J6ZJZJNREYjBh3TvBrdfjkFDIXFNeuiQ==
  optionalDependencies:
    fsevents "~2.3.2"

sass@^1.57.0:
  version "1.57.0"
  resolved "https://registry.yarnpkg.com/sass/-/sass-1.57.0.tgz#64c4144ed4e1c0ccb96dc18aef2c424cdbc0c12b"
  integrity sha512-IZNEJDTK1cF5B1cGA593TPAV/1S0ysUDxq9XHjX/+SMy0QfUny+nfUsq5ZP7wWSl4eEf7wDJcEZ8ABYFmh3m/w==
  dependencies:
    chokidar ">=3.0.0 <4.0.0"
    immutable "^4.0.0"
    source-map-js ">=0.6.2 <2.0.0"

"source-map-js@>=0.6.2 <2.0.0", source-map-js@^1.0.2:
  version "1.0.2"
  resolved "https://registry.yarnpkg.com/source-map-js/-/source-map-js-1.0.2.tgz#adbc361d9c62df380125e7f161f71c826f1e490c"
  integrity sha512-R0XvVJ9WusLiqTCEiGCmICCMplcCkIwwR11mOSD9CR5u+IXYdiseeEuXCVAjS54zqwkLcPNnmU4OeJ6tUrWhDw==

supports-preserve-symlinks-flag@^1.0.0:
  version "1.0.0"
  resolved "https://registry.yarnpkg.com/supports-preserve-symlinks-flag/-/supports-preserve-symlinks-flag-1.0.0.tgz#6eda4bd344a3c94aea376d4cc31bc77311039e09"
  integrity sha512-ot0WnXS9fgdkgIcePe6RHNk1WA8+muPa6cSjeR3V8K27q9BB1rTE3R1p7Hv0z1ZyAc8s6Vvv8DIyWf681MAt0w==

to-regex-range@^5.0.1:
  version "5.0.1"
  resolved "https://registry.yarnpkg.com/to-regex-range/-/to-regex-range-5.0.1.tgz#1648c44aae7c8d988a326018ed72f5b4dd0392e4"
  integrity sha512-65P7iz6X5yEr1cwcgvQxbbIw7Uk3gOy5dIdtZ4rDveLqhrdJP+Li/Hx6tyK0NEb+2GCyneCMJiGqrADCSNk8sQ==
  dependencies:
    is-number "^7.0.0"

vite-plugin-full-reload@^1.0.1:
  version "1.0.4"
  resolved "https://registry.yarnpkg.com/vite-plugin-full-reload/-/vite-plugin-full-reload-1.0.4.tgz#3fecd446f9accd5af01eb0328f6d161dca7cfc45"
  integrity sha512-9WejQII6zJ++m/YE173Zvl2jq4cqa404KNrVT+JDzDnqaGRq5UvOvA48fnsSWPIMXFV7S0dq5+sZqcSB+tKBgA==
  dependencies:
    picocolors "^1.0.0"
    picomatch "^2.3.1"

vite@^4.0.2:
  version "4.0.2"
  resolved "https://registry.yarnpkg.com/vite/-/vite-4.0.2.tgz#909beb07995048fe5a83b35b5e827d79627457c4"
  integrity sha512-QJaY3R+tFlTagH0exVqbgkkw45B+/bXVBzF2ZD1KB5Z8RiAoiKo60vSUf6/r4c2Vh9jfGBKM4oBI9b4/1ZJYng==
  dependencies:
    esbuild "^0.16.3"
    postcss "^8.4.20"
    resolve "^1.22.1"
    rollup "^3.7.0"
  optionalDependencies:
    fsevents "~2.3.2"
